github.com/dlsniper/debugger v0.6.0 h1:AyPoOtJviCmig9AKNRAPPw5B5UyB+cI72zY3Jb+6LlA=
github.com/dlsniper/debugger v0.6.0/go.mod h1:FFdRcPU2Yo4P411bp5U97DHJUSUMKcqw1QMGUu0uVb8=
github.com/gorilla/mux v1.8.0 h1:i40aqfkR1h2SlN9hojwV5ZA91wcXFOvkdNIeFDP5koI=
github.com/gorilla/mux v1.8.0/go.mod h1:DVbg23sWSpFRCP0SfiEN6jmj59UnW/n46BH5rLB71So=
